// !$*UTF8*$!
{
	archiveVersion = 1;
	classes = {
	};
	objectVersion = 45;
	objects = {

/* Begin PBXBuildFile section */
		1D3623260D0F684500981E51 /* AssassinsAppDelegate.m in Sources */ = {isa = PBXBuildFile; fileRef = 1D3623250D0F684500981E51 /* AssassinsAppDelegate.m */; };
		1D60589B0D05DD56006BFB54 /* main.m in Sources */ = {isa = PBXBuildFile; fileRef = 29B97316FDCFA39411CA2CEA /* main.m */; };
		1D60589F0D05DD5A006BFB54 /* Foundation.framework in Frameworks */ = {isa = PBXBuildFile; fileRef = 1D30AB110D05D00D00671497 /* Foundation.framework */; };
		1DF5F4E00D08C38300B7A737 /* UIKit.framework in Frameworks */ = {isa = PBXBuildFile; fileRef = 1DF5F4DF0D08C38300B7A737 /* UIKit.framework */; };
		288765A50DF7441C002DB57D /* CoreGraphics.framework in Frameworks */ = {isa = PBXBuildFile; fileRef = 288765A40DF7441C002DB57D /* CoreGraphics.framework */; };
		28AD733F0D9D9553002E5188 /* MainWindow.xib in Resources */ = {isa = PBXBuildFile; fileRef = 28AD733E0D9D9553002E5188 /* MainWindow.xib */; };
		2F0D8A4A1335250300535797 /* NSUserDefaults+MPSecureUserDefaults.m in Sources */ = {isa = PBXBuildFile; fileRef = 2F0D8A491335250300535797 /* NSUserDefaults+MPSecureUserDefaults.m */; };
		2F122F1213105558001F9DE5 /* ActivityAlert.m in Sources */ = {isa = PBXBuildFile; fileRef = 2F122F1113105558001F9DE5 /* ActivityAlert.m */; };
		2F142D7C132C49570041F5F8 /* libFlurry.a in Frameworks */ = {isa = PBXBuildFile; fileRef = 2F142D7B132C49570041F5F8 /* libFlurry.a */; };
		2F79AF3D1318CDCB00541ACC /* AttackInfo.m in Sources */ = {isa = PBXBuildFile; fileRef = 2F79AF3C1318CDCB00541ACC /* AttackInfo.m */; };
		2F79B0BD13197E9C00541ACC /* PickAFriendTableViewController.xib in Resources */ = {isa = PBXBuildFile; fileRef = 2F79B0BC13197E9C00541ACC /* PickAFriendTableViewController.xib */; };
		2F8713FB127B4C03009D4C0C /* UIImage+Combine.m in Sources */ = {isa = PBXBuildFile; fileRef = 2F8713FA127B4C03009D4C0C /* UIImage+Combine.m */; };
		2F97D5461311951C00F77318 /* AttackCompletedViewController.m in Sources */ = {isa = PBXBuildFile; fileRef = 2F97D5451311951C00F77318 /* AttackCompletedViewController.m */; };
		2FC5E06E132B360300AD70CE /* s1.caf in Resources */ = {isa = PBXBuildFile; fileRef = 2FC5E066132B360300AD70CE /* s1.caf */; };
		2FC5E06F132B360300AD70CE /* s2.caf in Resources */ = {isa = PBXBuildFile; fileRef = 2FC5E067132B360300AD70CE /* s2.caf */; };
		2FC5E070132B360300AD70CE /* s3.caf in Resources */ = {isa = PBXBuildFile; fileRef = 2FC5E068132B360300AD70CE /* s3.caf */; };
		2FC5E071132B360300AD70CE /* s4.caf in Resources */ = {isa = PBXBuildFile; fileRef = 2FC5E069132B360300AD70CE /* s4.caf */; };
		2FC5E072132B360300AD70CE /* s5.caf in Resources */ = {isa = PBXBuildFile; fileRef = 2FC5E06A132B360300AD70CE /* s5.caf */; };
		2FC5E073132B360300AD70CE /* s6.caf in Resources */ = {isa = PBXBuildFile; fileRef = 2FC5E06B132B360300AD70CE /* s6.caf */; };
		2FC5E074132B360300AD70CE /* s7.caf in Resources */ = {isa = PBXBuildFile; fileRef = 2FC5E06C132B360300AD70CE /* s7.caf */; };
		2FC5E075132B360300AD70CE /* s8.caf in Resources */ = {isa = PBXBuildFile; fileRef = 2FC5E06D132B360300AD70CE /* s8.caf */; };
		2FC5E086132B361000AD70CE /* c1.caf in Resources */ = {isa = PBXBuildFile; fileRef = 2FC5E077132B361000AD70CE /* c1.caf */; };
		2FC5E087132B361000AD70CE /* c2.caf in Resources */ = {isa = PBXBuildFile; fileRef = 2FC5E078132B361000AD70CE /* c2.caf */; };
		2FC5E088132B361000AD70CE /* r1.caf in Resources */ = {isa = PBXBuildFile; fileRef = 2FC5E079132B361000AD70CE /* r1.caf */; };
		2FC5E089132B361000AD70CE /* r10.caf in Resources */ = {isa = PBXBuildFile; fileRef = 2FC5E07A132B361000AD70CE /* r10.caf */; };
		2FC5E08A132B361000AD70CE /* r11.caf in Resources */ = {isa = PBXBuildFile; fileRef = 2FC5E07B132B361000AD70CE /* r11.caf */; };
		2FC5E08B132B361000AD70CE /* r12.caf in Resources */ = {isa = PBXBuildFile; fileRef = 2FC5E07C132B361000AD70CE /* r12.caf */; };
		2FC5E08C132B361000AD70CE /* r13.caf in Resources */ = {isa = PBXBuildFile; fileRef = 2FC5E07D132B361000AD70CE /* r13.caf */; };
		2FC5E08D132B361000AD70CE /* r2.caf in Resources */ = {isa = PBXBuildFile; fileRef = 2FC5E07E132B361000AD70CE /* r2.caf */; };
		2FC5E08E132B361000AD70CE /* r3.caf in Resources */ = {isa = PBXBuildFile; fileRef = 2FC5E07F132B361000AD70CE /* r3.caf */; };
		2FC5E08F132B361000AD70CE /* r4.caf in Resources */ = {isa = PBXBuildFile; fileRef = 2FC5E080132B361000AD70CE /* r4.caf */; };
		2FC5E090132B361000AD70CE /* r5.caf in Resources */ = {isa = PBXBuildFile; fileRef = 2FC5E081132B361000AD70CE /* r5.caf */; };
		2FC5E091132B361000AD70CE /* r6.caf in Resources */ = {isa = PBXBuildFile; fileRef = 2FC5E082132B361000AD70CE /* r6.caf */; };
		2FC5E092132B361000AD70CE /* r7.caf in Resources */ = {isa = PBXBuildFile; fileRef = 2FC5E083132B361000AD70CE /* r7.caf */; };
		2FC5E093132B361000AD70CE /* r8.caf in Resources */ = {isa = PBXBuildFile; fileRef = 2FC5E084132B361000AD70CE /* r8.caf */; };
		2FC5E094132B361000AD70CE /* r9.caf in Resources */ = {isa = PBXBuildFile; fileRef = 2FC5E085132B361000AD70CE /* r9.caf */; };
		2FC5E097132B361F00AD70CE /* j1.caf in Resources */ = {isa = PBXBuildFile; fileRef = 2FC5E096132B361F00AD70CE /* j1.caf */; };
		2FC5E09C132B362D00AD70CE /* b1.caf in Resources */ = {isa = PBXBuildFile; fileRef = 2FC5E099132B362D00AD70CE /* b1.caf */; };
		2FC5E09D132B362D00AD70CE /* b2.caf in Resources */ = {isa = PBXBuildFile; fileRef = 2FC5E09A132B362D00AD70CE /* b2.caf */; };
		2FC5E09E132B362D00AD70CE /* b3.caf in Resources */ = {isa = PBXBuildFile; fileRef = 2FC5E09B132B362D00AD70CE /* b3.caf */; };
		2FC5E0C8132B436700AD70CE /* Friend.m in Sources */ = {isa = PBXBuildFile; fileRef = 2FC5E0C7132B436700AD70CE /* Friend.m */; };
		2FC5E188132B547C00AD70CE /* CFNetwork.framework in Frameworks */ = {isa = PBXBuildFile; fileRef = 2FC5E187132B547C00AD70CE /* CFNetwork.framework */; };
		2FC5E18B132B548E00AD70CE /* libz.1.2.3.dylib in Frameworks */ = {isa = PBXBuildFile; fileRef = 2FC5E18A132B548E00AD70CE /* libz.1.2.3.dylib */; };
		2FC5E18D132B549900AD70CE /* MessageUI.framework in Frameworks */ = {isa = PBXBuildFile; fileRef = 2FC5E18C132B549900AD70CE /* MessageUI.framework */; };
		2FC5E190132B54AC00AD70CE /* MobileCoreServices.framework in Frameworks */ = {isa = PBXBuildFile; fileRef = 2FC5E18F132B54AC00AD70CE /* MobileCoreServices.framework */; };
		2FC5E193132B54B300AD70CE /* SystemConfiguration.framework in Frameworks */ = {isa = PBXBuildFile; fileRef = 2FC5E192132B54B300AD70CE /* SystemConfiguration.framework */; };
		2FC7C66C130CF26900F7C3DB /* buttonCancelUP@2x.png in Resources */ = {isa = PBXBuildFile; fileRef = 2FC7C659130CF26900F7C3DB /* buttonCancelUP@2x.png */; };
		2FC7C66D130CF26900F7C3DB /* buttonCanelUP.png in Resources */ = {isa = PBXBuildFile; fileRef = 2FC7C65A130CF26900F7C3DB /* buttonCanelUP.png */; };
		2FC7C66E130CF26900F7C3DB /* buttonPhoneUP.png in Resources */ = {isa = PBXBuildFile; fileRef = 2FC7C65B130CF26900F7C3DB /* buttonPhoneUP.png */; };
		2FC7C66F130CF26900F7C3DB /* buttonPhoneUP@2x.png in Resources */ = {isa = PBXBuildFile; fileRef = 2FC7C65C130CF26900F7C3DB /* buttonPhoneUP@2x.png */; };
		2FC7C670130CF26900F7C3DB /* buttonPostUP.png in Resources */ = {isa = PBXBuildFile; fileRef = 2FC7C65D130CF26900F7C3DB /* buttonPostUP.png */; };
		2FC7C671130CF26900F7C3DB /* buttonPostUP@2x.png in Resources */ = {isa = PBXBuildFile; fileRef = 2FC7C65E130CF26900F7C3DB /* buttonPostUP@2x.png */; };
		2FC7C672130CF26900F7C3DB /* buttonSaveiPhoneUp.png in Resources */ = {isa = PBXBuildFile; fileRef = 2FC7C65F130CF26900F7C3DB /* buttonSaveiPhoneUp.png */; };
		2FC7C673130CF26900F7C3DB /* buttonSaveiPhoneUp@2x.png in Resources */ = {isa = PBXBuildFile; fileRef = 2FC7C660130CF26900F7C3DB /* buttonSaveiPhoneUp@2x.png */; };
		2FC7C674130CF26900F7C3DB /* Default.png in Resources */ = {isa = PBXBuildFile; fileRef = 2FC7C661130CF26900F7C3DB /* Default.png */; };
		2FC7C675130CF26900F7C3DB /* Default@2x.png in Resources */ = {isa = PBXBuildFile; fileRef = 2FC7C662130CF26900F7C3DB /* Default@2x.png */; };
		2FC7C676130CF26900F7C3DB /* EmailButtonUP.png in Resources */ = {isa = PBXBuildFile; fileRef = 2FC7C663130CF26900F7C3DB /* EmailButtonUP.png */; };
		2FC7C677130CF26900F7C3DB /* emailButtonUP@2x.png in Resources */ = {isa = PBXBuildFile; fileRef = 2FC7C664130CF26900F7C3DB /* emailButtonUP@2x.png */; };
		2FC7C678130CF26900F7C3DB /* FacebookButtonUP.png in Resources */ = {isa = PBXBuildFile; fileRef = 2FC7C665130CF26900F7C3DB /* FacebookButtonUP.png */; };
		2FC7C679130CF26900F7C3DB /* FacebookButtonUP@2x.png in Resources */ = {isa = PBXBuildFile; fileRef = 2FC7C666130CF26900F7C3DB /* FacebookButtonUP@2x.png */; };
		2FC7C67A130CF26900F7C3DB /* friendPick.png in Resources */ = {isa = PBXBuildFile; fileRef = 2FC7C667130CF26900F7C3DB /* friendPick.png */; };
		2FC7C67B130CF26900F7C3DB /* friendPick@2x.png in Resources */ = {isa = PBXBuildFile; fileRef = 2FC7C668130CF26900F7C3DB /* friendPick@2x.png */; };
		2FC7C67C130CF26900F7C3DB /* Icon.png in Resources */ = {isa = PBXBuildFile; fileRef = 2FC7C669130CF26900F7C3DB /* Icon.png */; };
		2FC7C680130CF27F00F7C3DB /* crosshairs-old.png in Resources */ = {isa = PBXBuildFile; fileRef = 2FC7C67D130CF27F00F7C3DB /* crosshairs-old.png */; };
		2FC7C681130CF27F00F7C3DB /* crosshairs.png in Resources */ = {isa = PBXBuildFile; fileRef = 2FC7C67E130CF27F00F7C3DB /* crosshairs.png */; };
		2FC7C682130CF27F00F7C3DB /* crosshairs@2x.png in Resources */ = {isa = PBXBuildFile; fileRef = 2FC7C67F130CF27F00F7C3DB /* crosshairs@2x.png */; };
		2FC7C687130CF29B00F7C3DB /* RubberChicken.png in Resources */ = {isa = PBXBuildFile; fileRef = 2FC7C683130CF29B00F7C3DB /* RubberChicken.png */; };
		2FC7C688130CF29B00F7C3DB /* RubberChicken@2X.png in Resources */ = {isa = PBXBuildFile; fileRef = 2FC7C684130CF29B00F7C3DB /* RubberChicken@2X.png */; };
		2FC7C689130CF29B00F7C3DB /* RubberChickenKillOverlay.png in Resources */ = {isa = PBXBuildFile; fileRef = 2FC7C685130CF29B00F7C3DB /* RubberChickenKillOverlay.png */; };
		2FC7C68A130CF29B00F7C3DB /* RubberChickenKillOverlay@2x.png in Resources */ = {isa = PBXBuildFile; fileRef = 2FC7C686130CF29B00F7C3DB /* RubberChickenKillOverlay@2x.png */; };
		2FC7C6CB130CF2D900F7C3DB /* Facebook.m in Sources */ = {isa = PBXBuildFile; fileRef = 2FC7C6B4130CF2D900F7C3DB /* Facebook.m */; };
		2FC7C6CC130CF2D900F7C3DB /* FBDialog.bundle in Resources */ = {isa = PBXBuildFile; fileRef = 2FC7C6B6130CF2D900F7C3DB /* FBDialog.bundle */; };
		2FC7C6CD130CF2D900F7C3DB /* FBDialog.m in Sources */ = {isa = PBXBuildFile; fileRef = 2FC7C6B8130CF2D900F7C3DB /* FBDialog.m */; };
		2FC7C6CE130CF2D900F7C3DB /* FBLoginDialog.m in Sources */ = {isa = PBXBuildFile; fileRef = 2FC7C6BA130CF2D900F7C3DB /* FBLoginDialog.m */; };
		2FC7C6CF130CF2D900F7C3DB /* FBRequest.m in Sources */ = {isa = PBXBuildFile; fileRef = 2FC7C6BC130CF2D900F7C3DB /* FBRequest.m */; };
		2FC7C6D0130CF2D900F7C3DB /* NSObject+SBJSON.m in Sources */ = {isa = PBXBuildFile; fileRef = 2FC7C6C0130CF2D900F7C3DB /* NSObject+SBJSON.m */; };
		2FC7C6D1130CF2D900F7C3DB /* NSString+SBJSON.m in Sources */ = {isa = PBXBuildFile; fileRef = 2FC7C6C2130CF2D900F7C3DB /* NSString+SBJSON.m */; };
		2FC7C6D2130CF2D900F7C3DB /* SBJSON.m in Sources */ = {isa = PBXBuildFile; fileRef = 2FC7C6C4130CF2D900F7C3DB /* SBJSON.m */; };
		2FC7C6D3130CF2D900F7C3DB /* SBJsonBase.m in Sources */ = {isa = PBXBuildFile; fileRef = 2FC7C6C6130CF2D900F7C3DB /* SBJsonBase.m */; };
		2FC7C6D4130CF2D900F7C3DB /* SBJsonParser.m in Sources */ = {isa = PBXBuildFile; fileRef = 2FC7C6C8130CF2D900F7C3DB /* SBJsonParser.m */; };
		2FC7C6D5130CF2D900F7C3DB /* SBJsonWriter.m in Sources */ = {isa = PBXBuildFile; fileRef = 2FC7C6CA130CF2D900F7C3DB /* SBJsonWriter.m */; };
		2FCE3D4B130E3D4300C157B4 /* Facebook+CacheAuth.m in Sources */ = {isa = PBXBuildFile; fileRef = 2FCE3D4A130E3D4300C157B4 /* Facebook+CacheAuth.m */; };
		2FCE3D83130E460200C157B4 /* AssassinsServer.m in Sources */ = {isa = PBXBuildFile; fileRef = 2FCE3D82130E460200C157B4 /* AssassinsServer.m */; };
		2FD5EE40130894D3007AC351 /* Reachability.m in Sources */ = {isa = PBXBuildFile; fileRef = 2FD5EE3E130894D3007AC351 /* Reachability.m */; };
		2FD5EE6213089617007AC351 /* ASIAuthenticationDialog.m in Sources */ = {isa = PBXBuildFile; fileRef = 2FD5EE4F13089617007AC351 /* ASIAuthenticationDialog.m */; };
		2FD5EE6313089617007AC351 /* ASIDataCompressor.m in Sources */ = {isa = PBXBuildFile; fileRef = 2FD5EE5213089617007AC351 /* ASIDataCompressor.m */; };
		2FD5EE6413089617007AC351 /* ASIDataDecompressor.m in Sources */ = {isa = PBXBuildFile; fileRef = 2FD5EE5413089617007AC351 /* ASIDataDecompressor.m */; };
		2FD5EE6513089617007AC351 /* ASIDownloadCache.m in Sources */ = {isa = PBXBuildFile; fileRef = 2FD5EE5613089617007AC351 /* ASIDownloadCache.m */; };
		2FD5EE6613089617007AC351 /* ASIFormDataRequest.m in Sources */ = {isa = PBXBuildFile; fileRef = 2FD5EE5813089617007AC351 /* ASIFormDataRequest.m */; };
		2FD5EE6713089617007AC351 /* ASIHTTPRequest.m in Sources */ = {isa = PBXBuildFile; fileRef = 2FD5EE5A13089617007AC351 /* ASIHTTPRequest.m */; };
		2FD5EE6813089617007AC351 /* ASIInputStream.m in Sources */ = {isa = PBXBuildFile; fileRef = 2FD5EE5E13089617007AC351 /* ASIInputStream.m */; };
		2FD5EE6913089617007AC351 /* ASINetworkQueue.m in Sources */ = {isa = PBXBuildFile; fileRef = 2FD5EE6013089617007AC351 /* ASINetworkQueue.m */; };
		2FDA20171311C32D00A78EE8 /* ObituaryViewController.m in Sources */ = {isa = PBXBuildFile; fileRef = 2FDA20151311C32D00A78EE8 /* ObituaryViewController.m */; };
		2FDA20181311C32D00A78EE8 /* ObituaryViewController.xib in Resources */ = {isa = PBXBuildFile; fileRef = 2FDA20161311C32D00A78EE8 /* ObituaryViewController.xib */; };
		C748E3171283CC32001658E2 /* AttackViewController.m in Sources */ = {isa = PBXBuildFile; fileRef = C748E3151283CC32001658E2 /* AttackViewController.m */; };
		C748E3181283CC32001658E2 /* AttackViewController.xib in Resources */ = {isa = PBXBuildFile; fileRef = C748E3161283CC32001658E2 /* AttackViewController.xib */; };
		C748E31D1283CC41001658E2 /* ShakeEventSource.m in Sources */ = {isa = PBXBuildFile; fileRef = C748E31A1283CC41001658E2 /* ShakeEventSource.m */; };
		C748E31E1283CC41001658E2 /* SoundClipPool.m in Sources */ = {isa = PBXBuildFile; fileRef = C748E31C1283CC41001658E2 /* SoundClipPool.m */; };
		C748E3CB1283D15F001658E2 /* QuartzCore.framework in Frameworks */ = {isa = PBXBuildFile; fileRef = C748E3CA1283D15F001658E2 /* QuartzCore.framework */; };
		C748E3CD1283D16D001658E2 /* AVFoundation.framework in Frameworks */ = {isa = PBXBuildFile; fileRef = C748E3CC1283D16D001658E2 /* AVFoundation.framework */; };
		C748E3CF1283D180001658E2 /* AudioToolbox.framework in Frameworks */ = {isa = PBXBuildFile; fileRef = C748E3CE1283D180001658E2 /* AudioToolbox.framework */; };
		C748E40D1283DEA5001658E2 /* AttackCompletedViewController.xib in Resources */ = {isa = PBXBuildFile; fileRef = C748E40B1283DEA5001658E2 /* AttackCompletedViewController.xib */; };
		C76E6EF71266C94300B48793 /* AssassinateHUDViewController.m in Sources */ = {isa = PBXBuildFile; fileRef = C76E6EF51266C94300B48793 /* AssassinateHUDViewController.m */; };
		C76E6EF81266C94300B48793 /* AssassinateHUDViewController.xib in Resources */ = {isa = PBXBuildFile; fileRef = C76E6EF61266C94300B48793 /* AssassinateHUDViewController.xib */; };
		C7BF177C1307307D005F7762 /* CoreLocation.framework in Frameworks */ = {isa = PBXBuildFile; fileRef = C7BF177B1307307D005F7762 /* CoreLocation.framework */; };
		C7E4E92613198152009045D8 /* PickAFriendTableViewController.m in Sources */ = {isa = PBXBuildFile; fileRef = C7E4E92513198152009045D8 /* PickAFriendTableViewController.m */; };
/* End PBXBuildFile section */

/* Begin PBXFileReference section */
		1D30AB110D05D00D00671497 /* Foundation.framework */ = {isa = PBXFileReference; lastKnownFileType = wrapper.framework; name = Foundation.framework; path = System/Library/Frameworks/Foundation.framework; sourceTree = SDKROOT; };
		1D3623240D0F684500981E51 /* AssassinsAppDelegate.h */ = {isa = PBXFileReference; fileEncoding = 4; lastKnownFileType = sourcecode.c.h; path = AssassinsAppDelegate.h; sourceTree = "<group>"; };
		1D3623250D0F684500981E51 /* AssassinsAppDelegate.m */ = {isa = PBXFileReference; fileEncoding = 4; lastKnownFileType = sourcecode.c.objc; path = AssassinsAppDelegate.m; sourceTree = "<group>"; };
		1D6058910D05DD3D006BFB54 /* Assassins.app */ = {isa = PBXFileReference; explicitFileType = wrapper.application; includeInIndex = 0; path = Assassins.app; sourceTree = BUILT_PRODUCTS_DIR; };
		1DF5F4DF0D08C38300B7A737 /* UIKit.framework */ = {isa = PBXFileReference; lastKnownFileType = wrapper.framework; name = UIKit.framework; path = System/Library/Frameworks/UIKit.framework; sourceTree = SDKROOT; };
		288765A40DF7441C002DB57D /* CoreGraphics.framework */ = {isa = PBXFileReference; lastKnownFileType = wrapper.framework; name = CoreGraphics.framework; path = System/Library/Frameworks/CoreGraphics.framework; sourceTree = SDKROOT; };
		28AD733E0D9D9553002E5188 /* MainWindow.xib */ = {isa = PBXFileReference; lastKnownFileType = file.xib; path = MainWindow.xib; sourceTree = "<group>"; };
		29B97316FDCFA39411CA2CEA /* main.m */ = {isa = PBXFileReference; fileEncoding = 4; lastKnownFileType = sourcecode.c.objc; path = main.m; sourceTree = "<group>"; };
		2F0D8A481335250300535797 /* NSUserDefaults+MPSecureUserDefaults.h */ = {isa = PBXFileReference; fileEncoding = 4; lastKnownFileType = sourcecode.c.h; name = "NSUserDefaults+MPSecureUserDefaults.h"; path = "Helpers/NSUserDefaults+MPSecureUserDefaults.h"; sourceTree = "<group>"; };
		2F0D8A491335250300535797 /* NSUserDefaults+MPSecureUserDefaults.m */ = {isa = PBXFileReference; fileEncoding = 4; lastKnownFileType = sourcecode.c.objc; name = "NSUserDefaults+MPSecureUserDefaults.m"; path = "Helpers/NSUserDefaults+MPSecureUserDefaults.m"; sourceTree = "<group>"; };
		2F122F1013105558001F9DE5 /* ActivityAlert.h */ = {isa = PBXFileReference; fileEncoding = 4; lastKnownFileType = sourcecode.c.h; name = ActivityAlert.h; path = Views/ActivityAlert.h; sourceTree = "<group>"; };
		2F122F1113105558001F9DE5 /* ActivityAlert.m */ = {isa = PBXFileReference; fileEncoding = 4; lastKnownFileType = sourcecode.c.objc; name = ActivityAlert.m; path = Views/ActivityAlert.m; sourceTree = "<group>"; };
		2F142D77132C49570041F5F8 /* FlurryAdDelegate.h */ = {isa = PBXFileReference; fileEncoding = 4; lastKnownFileType = sourcecode.c.h; path = FlurryAdDelegate.h; sourceTree = "<group>"; };
		2F142D78132C49570041F5F8 /* FlurryAPI+AppCircle.h */ = {isa = PBXFileReference; fileEncoding = 4; lastKnownFileType = sourcecode.c.h; path = "FlurryAPI+AppCircle.h"; sourceTree = "<group>"; };
		2F142D79132C49570041F5F8 /* FlurryOffer.h */ = {isa = PBXFileReference; fileEncoding = 4; lastKnownFileType = sourcecode.c.h; path = FlurryOffer.h; sourceTree = "<group>"; };
		2F142D7A132C49570041F5F8 /* FlurryAPI.h */ = {isa = PBXFileReference; fileEncoding = 4; lastKnownFileType = sourcecode.c.h; path = FlurryAPI.h; sourceTree = "<group>"; };
		2F142D7B132C49570041F5F8 /* libFlurry.a */ = {isa = PBXFileReference; lastKnownFileType = archive.ar; path = libFlurry.a; sourceTree = "<group>"; };
		2F79AF3B1318CDCB00541ACC /* AttackInfo.h */ = {isa = PBXFileReference; fileEncoding = 4; lastKnownFileType = sourcecode.c.h; name = AttackInfo.h; path = Models/AttackInfo.h; sourceTree = "<group>"; };
		2F79AF3C1318CDCB00541ACC /* AttackInfo.m */ = {isa = PBXFileReference; fileEncoding = 4; lastKnownFileType = sourcecode.c.objc; name = AttackInfo.m; path = Models/AttackInfo.m; sourceTree = "<group>"; };
		2F79B0BC13197E9C00541ACC /* PickAFriendTableViewController.xib */ = {isa = PBXFileReference; lastKnownFileType = file.xib; name = PickAFriendTableViewController.xib; path = ViewControllers/PickAFriendTableViewController.xib; sourceTree = "<group>"; };
		2F8713F9127B4C03009D4C0C /* UIImage+Combine.h */ = {isa = PBXFileReference; fileEncoding = 4; lastKnownFileType = sourcecode.c.h; name = "UIImage+Combine.h"; path = "Helpers/UIImage+Combine.h"; sourceTree = "<group>"; };
		2F8713FA127B4C03009D4C0C /* UIImage+Combine.m */ = {isa = PBXFileReference; fileEncoding = 4; lastKnownFileType = sourcecode.c.objc; name = "UIImage+Combine.m"; path = "Helpers/UIImage+Combine.m"; sourceTree = "<group>"; };
		2F97D5451311951C00F77318 /* AttackCompletedViewController.m */ = {isa = PBXFileReference; fileEncoding = 4; lastKnownFileType = sourcecode.c.objc; name = AttackCompletedViewController.m; path = ViewControllers/AttackCompletedViewController.m; sourceTree = "<group>"; };
		2FC5E066132B360300AD70CE /* s1.caf */ = {isa = PBXFileReference; lastKnownFileType = file; path = s1.caf; sourceTree = "<group>"; };
		2FC5E067132B360300AD70CE /* s2.caf */ = {isa = PBXFileReference; lastKnownFileType = file; path = s2.caf; sourceTree = "<group>"; };
		2FC5E068132B360300AD70CE /* s3.caf */ = {isa = PBXFileReference; lastKnownFileType = file; path = s3.caf; sourceTree = "<group>"; };
		2FC5E069132B360300AD70CE /* s4.caf */ = {isa = PBXFileReference; lastKnownFileType = file; path = s4.caf; sourceTree = "<group>"; };
		2FC5E06A132B360300AD70CE /* s5.caf */ = {isa = PBXFileReference; lastKnownFileType = file; path = s5.caf; sourceTree = "<group>"; };
		2FC5E06B132B360300AD70CE /* s6.caf */ = {isa = PBXFileReference; lastKnownFileType = file; path = s6.caf; sourceTree = "<group>"; };
		2FC5E06C132B360300AD70CE /* s7.caf */ = {isa = PBXFileReference; lastKnownFileType = file; path = s7.caf; sourceTree = "<group>"; };
		2FC5E06D132B360300AD70CE /* s8.caf */ = {isa = PBXFileReference; lastKnownFileType = file; path = s8.caf; sourceTree = "<group>"; };
		2FC5E077132B361000AD70CE /* c1.caf */ = {isa = PBXFileReference; lastKnownFileType = file; path = c1.caf; sourceTree = "<group>"; };
		2FC5E078132B361000AD70CE /* c2.caf */ = {isa = PBXFileReference; lastKnownFileType = file; path = c2.caf; sourceTree = "<group>"; };
		2FC5E079132B361000AD70CE /* r1.caf */ = {isa = PBXFileReference; lastKnownFileType = file; path = r1.caf; sourceTree = "<group>"; };
		2FC5E07A132B361000AD70CE /* r10.caf */ = {isa = PBXFileReference; lastKnownFileType = file; path = r10.caf; sourceTree = "<group>"; };
		2FC5E07B132B361000AD70CE /* r11.caf */ = {isa = PBXFileReference; lastKnownFileType = file; path = r11.caf; sourceTree = "<group>"; };
		2FC5E07C132B361000AD70CE /* r12.caf */ = {isa = PBXFileReference; lastKnownFileType = file; path = r12.caf; sourceTree = "<group>"; };
		2FC5E07D132B361000AD70CE /* r13.caf */ = {isa = PBXFileReference; lastKnownFileType = file; path = r13.caf; sourceTree = "<group>"; };
		2FC5E07E132B361000AD70CE /* r2.caf */ = {isa = PBXFileReference; lastKnownFileType = file; path = r2.caf; sourceTree = "<group>"; };
		2FC5E07F132B361000AD70CE /* r3.caf */ = {isa = PBXFileReference; lastKnownFileType = file; path = r3.caf; sourceTree = "<group>"; };
		2FC5E080132B361000AD70CE /* r4.caf */ = {isa = PBXFileReference; lastKnownFileType = file; path = r4.caf; sourceTree = "<group>"; };
		2FC5E081132B361000AD70CE /* r5.caf */ = {isa = PBXFileReference; lastKnownFileType = file; path = r5.caf; sourceTree = "<group>"; };
		2FC5E082132B361000AD70CE /* r6.caf */ = {isa = PBXFileReference; lastKnownFileType = file; path = r6.caf; sourceTree = "<group>"; };
		2FC5E083132B361000AD70CE /* r7.caf */ = {isa = PBXFileReference; lastKnownFileType = file; path = r7.caf; sourceTree = "<group>"; };
		2FC5E084132B361000AD70CE /* r8.caf */ = {isa = PBXFileReference; lastKnownFileType = file; path = r8.caf; sourceTree = "<group>"; };
		2FC5E085132B361000AD70CE /* r9.caf */ = {isa = PBXFileReference; lastKnownFileType = file; path = r9.caf; sourceTree = "<group>"; };
		2FC5E096132B361F00AD70CE /* j1.caf */ = {isa = PBXFileReference; lastKnownFileType = file; path = j1.caf; sourceTree = "<group>"; };
		2FC5E099132B362D00AD70CE /* b1.caf */ = {isa = PBXFileReference; lastKnownFileType = file; path = b1.caf; sourceTree = "<group>"; };
		2FC5E09A132B362D00AD70CE /* b2.caf */ = {isa = PBXFileReference; lastKnownFileType = file; path = b2.caf; sourceTree = "<group>"; };
		2FC5E09B132B362D00AD70CE /* b3.caf */ = {isa = PBXFileReference; lastKnownFileType = file; path = b3.caf; sourceTree = "<group>"; };
		2FC5E0C6132B436700AD70CE /* Friend.h */ = {isa = PBXFileReference; fileEncoding = 4; lastKnownFileType = sourcecode.c.h; name = Friend.h; path = Models/Friend.h; sourceTree = "<group>"; };
		2FC5E0C7132B436700AD70CE /* Friend.m */ = {isa = PBXFileReference; fileEncoding = 4; lastKnownFileType = sourcecode.c.objc; name = Friend.m; path = Models/Friend.m; sourceTree = "<group>"; };
		2FC5E187132B547C00AD70CE /* CFNetwork.framework */ = {isa = PBXFileReference; lastKnownFileType = wrapper.framework; name = CFNetwork.framework; path = System/Library/Frameworks/CFNetwork.framework; sourceTree = SDKROOT; };
		2FC5E18A132B548E00AD70CE /* libz.1.2.3.dylib */ = {isa = PBXFileReference; lastKnownFileType = "compiled.mach-o.dylib"; name = libz.1.2.3.dylib; path = usr/lib/libz.1.2.3.dylib; sourceTree = SDKROOT; };
		2FC5E18C132B549900AD70CE /* MessageUI.framework */ = {isa = PBXFileReference; lastKnownFileType = wrapper.framework; name = MessageUI.framework; path = System/Library/Frameworks/MessageUI.framework; sourceTree = SDKROOT; };
		2FC5E18F132B54AC00AD70CE /* MobileCoreServices.framework */ = {isa = PBXFileReference; lastKnownFileType = wrapper.framework; name = MobileCoreServices.framework; path = System/Library/Frameworks/MobileCoreServices.framework; sourceTree = SDKROOT; };
		2FC5E192132B54B300AD70CE /* SystemConfiguration.framework */ = {isa = PBXFileReference; lastKnownFileType = wrapper.framework; name = SystemConfiguration.framework; path = System/Library/Frameworks/SystemConfiguration.framework; sourceTree = SDKROOT; };
		2FC7C659130CF26900F7C3DB /* buttonCancelUP@2x.png */ = {isa = PBXFileReference; lastKnownFileType = image.png; name = "buttonCancelUP@2x.png"; path = "Images/Application/buttonCancelUP@2x.png"; sourceTree = "<group>"; };
		2FC7C65A130CF26900F7C3DB /* buttonCanelUP.png */ = {isa = PBXFileReference; lastKnownFileType = image.png; name = buttonCanelUP.png; path = Images/Application/buttonCanelUP.png; sourceTree = "<group>"; };
		2FC7C65B130CF26900F7C3DB /* buttonPhoneUP.png */ = {isa = PBXFileReference; lastKnownFileType = image.png; name = buttonPhoneUP.png; path = Images/Application/buttonPhoneUP.png; sourceTree = "<group>"; };
		2FC7C65C130CF26900F7C3DB /* buttonPhoneUP@2x.png */ = {isa = PBXFileReference; lastKnownFileType = image.png; name = "buttonPhoneUP@2x.png"; path = "Images/Application/buttonPhoneUP@2x.png"; sourceTree = "<group>"; };
		2FC7C65D130CF26900F7C3DB /* buttonPostUP.png */ = {isa = PBXFileReference; lastKnownFileType = image.png; name = buttonPostUP.png; path = Images/Application/buttonPostUP.png; sourceTree = "<group>"; };
		2FC7C65E130CF26900F7C3DB /* buttonPostUP@2x.png */ = {isa = PBXFileReference; lastKnownFileType = image.png; name = "buttonPostUP@2x.png"; path = "Images/Application/buttonPostUP@2x.png"; sourceTree = "<group>"; };
		2FC7C65F130CF26900F7C3DB /* buttonSaveiPhoneUp.png */ = {isa = PBXFileReference; lastKnownFileType = image.png; name = buttonSaveiPhoneUp.png; path = Images/Application/buttonSaveiPhoneUp.png; sourceTree = "<group>"; };
		2FC7C660130CF26900F7C3DB /* buttonSaveiPhoneUp@2x.png */ = {isa = PBXFileReference; lastKnownFileType = image.png; name = "buttonSaveiPhoneUp@2x.png"; path = "Images/Application/buttonSaveiPhoneUp@2x.png"; sourceTree = "<group>"; };
		2FC7C661130CF26900F7C3DB /* Default.png */ = {isa = PBXFileReference; lastKnownFileType = image.png; name = Default.png; path = Images/Application/Default.png; sourceTree = "<group>"; };
		2FC7C662130CF26900F7C3DB /* Default@2x.png */ = {isa = PBXFileReference; lastKnownFileType = image.png; name = "Default@2x.png"; path = "Images/Application/Default@2x.png"; sourceTree = "<group>"; };
		2FC7C663130CF26900F7C3DB /* EmailButtonUP.png */ = {isa = PBXFileReference; lastKnownFileType = image.png; name = EmailButtonUP.png; path = Images/Application/EmailButtonUP.png; sourceTree = "<group>"; };
		2FC7C664130CF26900F7C3DB /* emailButtonUP@2x.png */ = {isa = PBXFileReference; lastKnownFileType = image.png; name = "emailButtonUP@2x.png"; path = "Images/Application/emailButtonUP@2x.png"; sourceTree = "<group>"; };
		2FC7C665130CF26900F7C3DB /* FacebookButtonUP.png */ = {isa = PBXFileReference; lastKnownFileType = image.png; name = FacebookButtonUP.png; path = Images/Application/FacebookButtonUP.png; sourceTree = "<group>"; };
		2FC7C666130CF26900F7C3DB /* FacebookButtonUP@2x.png */ = {isa = PBXFileReference; lastKnownFileType = image.png; name = "FacebookButtonUP@2x.png"; path = "Images/Application/FacebookButtonUP@2x.png"; sourceTree = "<group>"; };
		2FC7C667130CF26900F7C3DB /* friendPick.png */ = {isa = PBXFileReference; lastKnownFileType = image.png; name = friendPick.png; path = Images/Application/friendPick.png; sourceTree = "<group>"; };
		2FC7C668130CF26900F7C3DB /* friendPick@2x.png */ = {isa = PBXFileReference; lastKnownFileType = image.png; name = "friendPick@2x.png"; path = "Images/Application/friendPick@2x.png"; sourceTree = "<group>"; };
		2FC7C669130CF26900F7C3DB /* Icon.png */ = {isa = PBXFileReference; lastKnownFileType = image.png; name = Icon.png; path = Images/Application/Icon.png; sourceTree = "<group>"; };
		2FC7C67D130CF27F00F7C3DB /* crosshairs-old.png */ = {isa = PBXFileReference; lastKnownFileType = image.png; name = "crosshairs-old.png"; path = "Images/Weapons/crosshairs-old.png"; sourceTree = "<group>"; };
		2FC7C67E130CF27F00F7C3DB /* crosshairs.png */ = {isa = PBXFileReference; lastKnownFileType = image.png; name = crosshairs.png; path = Images/Weapons/crosshairs.png; sourceTree = "<group>"; };
		2FC7C67F130CF27F00F7C3DB /* crosshairs@2x.png */ = {isa = PBXFileReference; lastKnownFileType = image.png; name = "crosshairs@2x.png"; path = "Images/Weapons/crosshairs@2x.png"; sourceTree = "<group>"; };
		2FC7C683130CF29B00F7C3DB /* RubberChicken.png */ = {isa = PBXFileReference; lastKnownFileType = image.png; name = RubberChicken.png; path = Images/Weapons/RubberChicken/RubberChicken.png; sourceTree = "<group>"; };
		2FC7C684130CF29B00F7C3DB /* RubberChicken@2X.png */ = {isa = PBXFileReference; lastKnownFileType = image.png; name = "RubberChicken@2X.png"; path = "Images/Weapons/RubberChicken/RubberChicken@2X.png"; sourceTree = "<group>"; };
		2FC7C685130CF29B00F7C3DB /* RubberChickenKillOverlay.png */ = {isa = PBXFileReference; lastKnownFileType = image.png; name = RubberChickenKillOverlay.png; path = Images/Weapons/RubberChicken/RubberChickenKillOverlay.png; sourceTree = "<group>"; };
		2FC7C686130CF29B00F7C3DB /* RubberChickenKillOverlay@2x.png */ = {isa = PBXFileReference; lastKnownFileType = image.png; name = "RubberChickenKillOverlay@2x.png"; path = "Images/Weapons/RubberChicken/RubberChickenKillOverlay@2x.png"; sourceTree = "<group>"; };
		2FC7C6B3130CF2D900F7C3DB /* Facebook.h */ = {isa = PBXFileReference; fileEncoding = 4; lastKnownFileType = sourcecode.c.h; path = Facebook.h; sourceTree = "<group>"; };
		2FC7C6B4130CF2D900F7C3DB /* Facebook.m */ = {isa = PBXFileReference; fileEncoding = 4; lastKnownFileType = sourcecode.c.objc; path = Facebook.m; sourceTree = "<group>"; };
		2FC7C6B5130CF2D900F7C3DB /* FBConnect.h */ = {isa = PBXFileReference; fileEncoding = 4; lastKnownFileType = sourcecode.c.h; path = FBConnect.h; sourceTree = "<group>"; };
		2FC7C6B6130CF2D900F7C3DB /* FBDialog.bundle */ = {isa = PBXFileReference; lastKnownFileType = "wrapper.plug-in"; path = FBDialog.bundle; sourceTree = "<group>"; };
		2FC7C6B7130CF2D900F7C3DB /* FBDialog.h */ = {isa = PBXFileReference; fileEncoding = 4; lastKnownFileType = sourcecode.c.h; path = FBDialog.h; sourceTree = "<group>"; };
		2FC7C6B8130CF2D900F7C3DB /* FBDialog.m */ = {isa = PBXFileReference; fileEncoding = 4; lastKnownFileType = sourcecode.c.objc; path = FBDialog.m; sourceTree = "<group>"; };
		2FC7C6B9130CF2D900F7C3DB /* FBLoginDialog.h */ = {isa = PBXFileReference; fileEncoding = 4; lastKnownFileType = sourcecode.c.h; path = FBLoginDialog.h; sourceTree = "<group>"; };
		2FC7C6BA130CF2D900F7C3DB /* FBLoginDialog.m */ = {isa = PBXFileReference; fileEncoding = 4; lastKnownFileType = sourcecode.c.objc; path = FBLoginDialog.m; sourceTree = "<group>"; };
		2FC7C6BB130CF2D900F7C3DB /* FBRequest.h */ = {isa = PBXFileReference; fileEncoding = 4; lastKnownFileType = sourcecode.c.h; path = FBRequest.h; sourceTree = "<group>"; };
		2FC7C6BC130CF2D900F7C3DB /* FBRequest.m */ = {isa = PBXFileReference; fileEncoding = 4; lastKnownFileType = sourcecode.c.objc; path = FBRequest.m; sourceTree = "<group>"; };
		2FC7C6BE130CF2D900F7C3DB /* JSON.h */ = {isa = PBXFileReference; fileEncoding = 4; lastKnownFileType = sourcecode.c.h; path = JSON.h; sourceTree = "<group>"; };
		2FC7C6BF130CF2D900F7C3DB /* NSObject+SBJSON.h */ = {isa = PBXFileReference; fileEncoding = 4; lastKnownFileType = sourcecode.c.h; path = "NSObject+SBJSON.h"; sourceTree = "<group>"; };
		2FC7C6C0130CF2D900F7C3DB /* NSObject+SBJSON.m */ = {isa = PBXFileReference; fileEncoding = 4; lastKnownFileType = sourcecode.c.objc; path = "NSObject+SBJSON.m"; sourceTree = "<group>"; };
		2FC7C6C1130CF2D900F7C3DB /* NSString+SBJSON.h */ = {isa = PBXFileReference; fileEncoding = 4; lastKnownFileType = sourcecode.c.h; path = "NSString+SBJSON.h"; sourceTree = "<group>"; };
		2FC7C6C2130CF2D900F7C3DB /* NSString+SBJSON.m */ = {isa = PBXFileReference; fileEncoding = 4; lastKnownFileType = sourcecode.c.objc; path = "NSString+SBJSON.m"; sourceTree = "<group>"; };
		2FC7C6C3130CF2D900F7C3DB /* SBJSON.h */ = {isa = PBXFileReference; fileEncoding = 4; lastKnownFileType = sourcecode.c.h; path = SBJSON.h; sourceTree = "<group>"; };
		2FC7C6C4130CF2D900F7C3DB /* SBJSON.m */ = {isa = PBXFileReference; fileEncoding = 4; lastKnownFileType = sourcecode.c.objc; path = SBJSON.m; sourceTree = "<group>"; };
		2FC7C6C5130CF2D900F7C3DB /* SBJsonBase.h */ = {isa = PBXFileReference; fileEncoding = 4; lastKnownFileType = sourcecode.c.h; path = SBJsonBase.h; sourceTree = "<group>"; };
		2FC7C6C6130CF2D900F7C3DB /* SBJsonBase.m */ = {isa = PBXFileReference; fileEncoding = 4; lastKnownFileType = sourcecode.c.objc; path = SBJsonBase.m; sourceTree = "<group>"; };
		2FC7C6C7130CF2D900F7C3DB /* SBJsonParser.h */ = {isa = PBXFileReference; fileEncoding = 4; lastKnownFileType = sourcecode.c.h; path = SBJsonParser.h; sourceTree = "<group>"; };
		2FC7C6C8130CF2D900F7C3DB /* SBJsonParser.m */ = {isa = PBXFileReference; fileEncoding = 4; lastKnownFileType = sourcecode.c.objc; path = SBJsonParser.m; sourceTree = "<group>"; };
		2FC7C6C9130CF2D900F7C3DB /* SBJsonWriter.h */ = {isa = PBXFileReference; fileEncoding = 4; lastKnownFileType = sourcecode.c.h; path = SBJsonWriter.h; sourceTree = "<group>"; };
		2FC7C6CA130CF2D900F7C3DB /* SBJsonWriter.m */ = {isa = PBXFileReference; fileEncoding = 4; lastKnownFileType = sourcecode.c.objc; path = SBJsonWriter.m; sourceTree = "<group>"; };
		2FCE3D49130E3D4300C157B4 /* Facebook+CacheAuth.h */ = {isa = PBXFileReference; fileEncoding = 4; lastKnownFileType = sourcecode.c.h; name = "Facebook+CacheAuth.h"; path = "Helpers/Facebook+CacheAuth.h"; sourceTree = "<group>"; };
		2FCE3D4A130E3D4300C157B4 /* Facebook+CacheAuth.m */ = {isa = PBXFileReference; fileEncoding = 4; lastKnownFileType = sourcecode.c.objc; name = "Facebook+CacheAuth.m"; path = "Helpers/Facebook+CacheAuth.m"; sourceTree = "<group>"; };
		2FCE3D81130E460200C157B4 /* AssassinsServer.h */ = {isa = PBXFileReference; fileEncoding = 4; lastKnownFileType = sourcecode.c.h; name = AssassinsServer.h; path = Models/AssassinsServer.h; sourceTree = "<group>"; };
		2FCE3D82130E460200C157B4 /* AssassinsServer.m */ = {isa = PBXFileReference; fileEncoding = 4; lastKnownFileType = sourcecode.c.objc; name = AssassinsServer.m; path = Models/AssassinsServer.m; sourceTree = "<group>"; };
		2FD5EE3D130894D3007AC351 /* Reachability.h */ = {isa = PBXFileReference; fileEncoding = 4; lastKnownFileType = sourcecode.c.h; path = Reachability.h; sourceTree = "<group>"; };
		2FD5EE3E130894D3007AC351 /* Reachability.m */ = {isa = PBXFileReference; fileEncoding = 4; lastKnownFileType = sourcecode.c.objc; path = Reachability.m; sourceTree = "<group>"; };
		2FD5EE4E13089617007AC351 /* ASIAuthenticationDialog.h */ = {isa = PBXFileReference; fileEncoding = 4; lastKnownFileType = sourcecode.c.h; path = ASIAuthenticationDialog.h; sourceTree = "<group>"; };
		2FD5EE4F13089617007AC351 /* ASIAuthenticationDialog.m */ = {isa = PBXFileReference; fileEncoding = 4; lastKnownFileType = sourcecode.c.objc; path = ASIAuthenticationDialog.m; sourceTree = "<group>"; };
		2FD5EE5013089617007AC351 /* ASICacheDelegate.h */ = {isa = PBXFileReference; fileEncoding = 4; lastKnownFileType = sourcecode.c.h; path = ASICacheDelegate.h; sourceTree = "<group>"; };
		2FD5EE5113089617007AC351 /* ASIDataCompressor.h */ = {isa = PBXFileReference; fileEncoding = 4; lastKnownFileType = sourcecode.c.h; path = ASIDataCompressor.h; sourceTree = "<group>"; };
		2FD5EE5213089617007AC351 /* ASIDataCompressor.m */ = {isa = PBXFileReference; fileEncoding = 4; lastKnownFileType = sourcecode.c.objc; path = ASIDataCompressor.m; sourceTree = "<group>"; };
		2FD5EE5313089617007AC351 /* ASIDataDecompressor.h */ = {isa = PBXFileReference; fileEncoding = 4; lastKnownFileType = sourcecode.c.h; path = ASIDataDecompressor.h; sourceTree = "<group>"; };
		2FD5EE5413089617007AC351 /* ASIDataDecompressor.m */ = {isa = PBXFileReference; fileEncoding = 4; lastKnownFileType = sourcecode.c.objc; path = ASIDataDecompressor.m; sourceTree = "<group>"; };
		2FD5EE5513089617007AC351 /* ASIDownloadCache.h */ = {isa = PBXFileReference; fileEncoding = 4; lastKnownFileType = sourcecode.c.h; path = ASIDownloadCache.h; sourceTree = "<group>"; };
		2FD5EE5613089617007AC351 /* ASIDownloadCache.m */ = {isa = PBXFileReference; fileEncoding = 4; lastKnownFileType = sourcecode.c.objc; path = ASIDownloadCache.m; sourceTree = "<group>"; };
		2FD5EE5713089617007AC351 /* ASIFormDataRequest.h */ = {isa = PBXFileReference; fileEncoding = 4; lastKnownFileType = sourcecode.c.h; path = ASIFormDataRequest.h; sourceTree = "<group>"; };
		2FD5EE5813089617007AC351 /* ASIFormDataRequest.m */ = {isa = PBXFileReference; fileEncoding = 4; lastKnownFileType = sourcecode.c.objc; path = ASIFormDataRequest.m; sourceTree = "<group>"; };
		2FD5EE5913089617007AC351 /* ASIHTTPRequest.h */ = {isa = PBXFileReference; fileEncoding = 4; lastKnownFileType = sourcecode.c.h; path = ASIHTTPRequest.h; sourceTree = "<group>"; };
		2FD5EE5A13089617007AC351 /* ASIHTTPRequest.m */ = {isa = PBXFileReference; fileEncoding = 4; lastKnownFileType = sourcecode.c.objc; path = ASIHTTPRequest.m; sourceTree = "<group>"; };
		2FD5EE5B13089617007AC351 /* ASIHTTPRequestConfig.h */ = {isa = PBXFileReference; fileEncoding = 4; lastKnownFileType = sourcecode.c.h; path = ASIHTTPRequestConfig.h; sourceTree = "<group>"; };
		2FD5EE5C13089617007AC351 /* ASIHTTPRequestDelegate.h */ = {isa = PBXFileReference; fileEncoding = 4; lastKnownFileType = sourcecode.c.h; path = ASIHTTPRequestDelegate.h; sourceTree = "<group>"; };
		2FD5EE5D13089617007AC351 /* ASIInputStream.h */ = {isa = PBXFileReference; fileEncoding = 4; lastKnownFileType = sourcecode.c.h; path = ASIInputStream.h; sourceTree = "<group>"; };
		2FD5EE5E13089617007AC351 /* ASIInputStream.m */ = {isa = PBXFileReference; fileEncoding = 4; lastKnownFileType = sourcecode.c.objc; path = ASIInputStream.m; sourceTree = "<group>"; };
		2FD5EE5F13089617007AC351 /* ASINetworkQueue.h */ = {isa = PBXFileReference; fileEncoding = 4; lastKnownFileType = sourcecode.c.h; path = ASINetworkQueue.h; sourceTree = "<group>"; };
		2FD5EE6013089617007AC351 /* ASINetworkQueue.m */ = {isa = PBXFileReference; fileEncoding = 4; lastKnownFileType = sourcecode.c.objc; path = ASINetworkQueue.m; sourceTree = "<group>"; };
		2FD5EE6113089617007AC351 /* ASIProgressDelegate.h */ = {isa = PBXFileReference; fileEncoding = 4; lastKnownFileType = sourcecode.c.h; path = ASIProgressDelegate.h; sourceTree = "<group>"; };
		2FDA20141311C32D00A78EE8 /* ObituaryViewController.h */ = {isa = PBXFileReference; fileEncoding = 4; lastKnownFileType = sourcecode.c.h; name = ObituaryViewController.h; path = ViewControllers/ObituaryViewController.h; sourceTree = "<group>"; };
		2FDA20151311C32D00A78EE8 /* ObituaryViewController.m */ = {isa = PBXFileReference; fileEncoding = 4; lastKnownFileType = sourcecode.c.objc; name = ObituaryViewController.m; path = ViewControllers/ObituaryViewController.m; sourceTree = "<group>"; };
		2FDA20161311C32D00A78EE8 /* ObituaryViewController.xib */ = {isa = PBXFileReference; lastKnownFileType = file.xib; name = ObituaryViewController.xib; path = ViewControllers/ObituaryViewController.xib; sourceTree = "<group>"; };
		32CA4F630368D1EE00C91783 /* Assassins_Prefix.pch */ = {isa = PBXFileReference; fileEncoding = 4; lastKnownFileType = sourcecode.c.h; path = Assassins_Prefix.pch; sourceTree = "<group>"; };
		8D1107310486CEB800E47090 /* Assassins-Info.plist */ = {isa = PBXFileReference; fileEncoding = 4; lastKnownFileType = text.plist.xml; path = "Assassins-Info.plist"; plistStructureDefinitionIdentifier = "com.apple.xcode.plist.structure-definition.iphone.info-plist"; sourceTree = "<group>"; };
		C748E3141283CC32001658E2 /* AttackViewController.h */ = {isa = PBXFileReference; fileEncoding = 4; lastKnownFileType = sourcecode.c.h; name = AttackViewController.h; path = ViewControllers/AttackViewController.h; sourceTree = "<group>"; };
		C748E3151283CC32001658E2 /* AttackViewController.m */ = {isa = PBXFileReference; fileEncoding = 4; lastKnownFileType = sourcecode.c.objc; name = AttackViewController.m; path = ViewControllers/AttackViewController.m; sourceTree = "<group>"; };
		C748E3161283CC32001658E2 /* AttackViewController.xib */ = {isa = PBXFileReference; lastKnownFileType = file.xib; name = AttackViewController.xib; path = ViewControllers/AttackViewController.xib; sourceTree = "<group>"; };
		C748E3191283CC41001658E2 /* ShakeEventSource.h */ = {isa = PBXFileReference; fileEncoding = 4; lastKnownFileType = sourcecode.c.h; name = ShakeEventSource.h; path = Models/ShakeEventSource.h; sourceTree = "<group>"; };
		C748E31A1283CC41001658E2 /* ShakeEventSource.m */ = {isa = PBXFileReference; fileEncoding = 4; lastKnownFileType = sourcecode.c.objc; name = ShakeEventSource.m; path = Models/ShakeEventSource.m; sourceTree = "<group>"; };
		C748E31B1283CC41001658E2 /* SoundClipPool.h */ = {isa = PBXFileReference; fileEncoding = 4; lastKnownFileType = sourcecode.c.h; name = SoundClipPool.h; path = Models/SoundClipPool.h; sourceTree = "<group>"; };
		C748E31C1283CC41001658E2 /* SoundClipPool.m */ = {isa = PBXFileReference; fileEncoding = 4; lastKnownFileType = sourcecode.c.objc; name = SoundClipPool.m; path = Models/SoundClipPool.m; sourceTree = "<group>"; };
		C748E3CA1283D15F001658E2 /* QuartzCore.framework */ = {isa = PBXFileReference; lastKnownFileType = wrapper.framework; name = QuartzCore.framework; path = iphoneos4.1/System/Library/Frameworks/QuartzCore.framework; sourceTree = "<group>"; };
		C748E3CC1283D16D001658E2 /* AVFoundation.framework */ = {isa = PBXFileReference; lastKnownFileType = wrapper.framework; name = AVFoundation.framework; path = iphoneos4.1/System/Library/Frameworks/AVFoundation.framework; sourceTree = "<group>"; };
		C748E3CE1283D180001658E2 /* AudioToolbox.framework */ = {isa = PBXFileReference; lastKnownFileType = wrapper.framework; name = AudioToolbox.framework; path = iphoneos4.1/System/Library/Frameworks/AudioToolbox.framework; sourceTree = "<group>"; };
		C748E4091283DEA5001658E2 /* AttackCompletedViewController.h */ = {isa = PBXFileReference; fileEncoding = 4; lastKnownFileType = sourcecode.c.h; name = AttackCompletedViewController.h; path = ViewControllers/AttackCompletedViewController.h; sourceTree = "<group>"; };
		C748E40B1283DEA5001658E2 /* AttackCompletedViewController.xib */ = {isa = PBXFileReference; lastKnownFileType = file.xib; name = AttackCompletedViewController.xib; path = ViewControllers/AttackCompletedViewController.xib; sourceTree = "<group>"; };
		C76E6EF41266C94300B48793 /* AssassinateHUDViewController.h */ = {isa = PBXFileReference; fileEncoding = 4; lastKnownFileType = sourcecode.c.h; name = AssassinateHUDViewController.h; path = ViewControllers/AssassinateHUDViewController.h; sourceTree = "<group>"; };
		C76E6EF51266C94300B48793 /* AssassinateHUDViewController.m */ = {isa = PBXFileReference; fileEncoding = 4; lastKnownFileType = sourcecode.c.objc; name = AssassinateHUDViewController.m; path = ViewControllers/AssassinateHUDViewController.m; sourceTree = "<group>"; };
		C76E6EF61266C94300B48793 /* AssassinateHUDViewController.xib */ = {isa = PBXFileReference; lastKnownFileType = file.xib; name = AssassinateHUDViewController.xib; path = ViewControllers/AssassinateHUDViewController.xib; sourceTree = "<group>"; };
		C7BF177B1307307D005F7762 /* CoreLocation.framework */ = {isa = PBXFileReference; lastKnownFileType = wrapper.framework; name = CoreLocation.framework; path = System/Library/Frameworks/CoreLocation.framework; sourceTree = SDKROOT; };
		C7E4E92413198152009045D8 /* PickAFriendTableViewController.h */ = {isa = PBXFileReference; fileEncoding = 4; lastKnownFileType = sourcecode.c.h; name = PickAFriendTableViewController.h; path = ViewControllers/PickAFriendTableViewController.h; sourceTree = "<group>"; };
		C7E4E92513198152009045D8 /* PickAFriendTableViewController.m */ = {isa = PBXFileReference; fileEncoding = 4; lastKnownFileType = sourcecode.c.objc; name = PickAFriendTableViewController.m; path = ViewControllers/PickAFriendTableViewController.m; sourceTree = "<group>"; };
/* End PBXFileReference section */

/* Begin PBXFrameworksBuildPhase section */
		1D60588F0D05DD3D006BFB54 /* Frameworks */ = {
			isa = PBXFrameworksBuildPhase;
			buildActionMask = 2147483647;
			files = (
				1D60589F0D05DD5A006BFB54 /* Foundation.framework in Frameworks */,
				1DF5F4E00D08C38300B7A737 /* UIKit.framework in Frameworks */,
				288765A50DF7441C002DB57D /* CoreGraphics.framework in Frameworks */,
				C748E3CB1283D15F001658E2 /* QuartzCore.framework in Frameworks */,
				C748E3CD1283D16D001658E2 /* AVFoundation.framework in Frameworks */,
				C748E3CF1283D180001658E2 /* AudioToolbox.framework in Frameworks */,
				C7BF177C1307307D005F7762 /* CoreLocation.framework in Frameworks */,
				2FC5E188132B547C00AD70CE /* CFNetwork.framework in Frameworks */,
				2FC5E18B132B548E00AD70CE /* libz.1.2.3.dylib in Frameworks */,
				2FC5E18D132B549900AD70CE /* MessageUI.framework in Frameworks */,
				2FC5E190132B54AC00AD70CE /* MobileCoreServices.framework in Frameworks */,
				2FC5E193132B54B300AD70CE /* SystemConfiguration.framework in Frameworks */,
				2F142D7C132C49570041F5F8 /* libFlurry.a in Frameworks */,
			);
			runOnlyForDeploymentPostprocessing = 0;
		};
/* End PBXFrameworksBuildPhase section */

/* Begin PBXGroup section */
		080E96DDFE201D6D7F000001 /* Classes */ = {
			isa = PBXGroup;
			children = (
				2F122F0F1310554B001F9DE5 /* Views */,
				C71E4BF91263BEB600670FFC /* Helpers */,
				C71E4B951263AF4100670FFC /* Models */,
				C71E4A371263828000670FFC /* ViewControllers */,
				1D3623240D0F684500981E51 /* AssassinsAppDelegate.h */,
				1D3623250D0F684500981E51 /* AssassinsAppDelegate.m */,
			);
			path = Classes;
			sourceTree = "<group>";
		};
		19C28FACFE9D520D11CA2CBB /* Products */ = {
			isa = PBXGroup;
			children = (
				1D6058910D05DD3D006BFB54 /* Assassins.app */,
			);
			name = Products;
			sourceTree = "<group>";
		};
		29B97314FDCFA39411CA2CEA /* CustomTemplate */ = {
			isa = PBXGroup;
			children = (
				2F142D75132C49570041F5F8 /* FlurryLib */,
				2FC7C6B2130CF2D900F7C3DB /* FBConnect */,
				2FD5ED7913088E4A007AC351 /* AsiHTTP */,
				C748E3201283CC48001658E2 /* Sounds */,
				C71E4A321263819F00670FFC /* Images */,
				080E96DDFE201D6D7F000001 /* Classes */,
				29B97315FDCFA39411CA2CEA /* Other Sources */,
				29B97317FDCFA39411CA2CEA /* Resources */,
				29B97323FDCFA39411CA2CEA /* Frameworks */,
				19C28FACFE9D520D11CA2CBB /* Products */,
				2FC5E187132B547C00AD70CE /* CFNetwork.framework */,
				2FC5E18A132B548E00AD70CE /* libz.1.2.3.dylib */,
				2FC5E18C132B549900AD70CE /* MessageUI.framework */,
				2FC5E18F132B54AC00AD70CE /* MobileCoreServices.framework */,
				2FC5E192132B54B300AD70CE /* SystemConfiguration.framework */,
			);
			name = CustomTemplate;
			sourceTree = "<group>";
		};
		29B97315FDCFA39411CA2CEA /* Other Sources */ = {
			isa = PBXGroup;
			children = (
				32CA4F630368D1EE00C91783 /* Assassins_Prefix.pch */,
				29B97316FDCFA39411CA2CEA /* main.m */,
			);
			name = "Other Sources";
			sourceTree = "<group>";
		};
		29B97317FDCFA39411CA2CEA /* Resources */ = {
			isa = PBXGroup;
			children = (
				28AD733E0D9D9553002E5188 /* MainWindow.xib */,
				8D1107310486CEB800E47090 /* Assassins-Info.plist */,
			);
			name = Resources;
			sourceTree = "<group>";
		};
		29B97323FDCFA39411CA2CEA /* Frameworks */ = {
			isa = PBXGroup;
			children = (
				C748E3CA1283D15F001658E2 /* QuartzCore.framework */,
				C748E3CC1283D16D001658E2 /* AVFoundation.framework */,
				C748E3CE1283D180001658E2 /* AudioToolbox.framework */,
				1DF5F4DF0D08C38300B7A737 /* UIKit.framework */,
				1D30AB110D05D00D00671497 /* Foundation.framework */,
				288765A40DF7441C002DB57D /* CoreGraphics.framework */,
				C7BF177B1307307D005F7762 /* CoreLocation.framework */,
			);
			name = Frameworks;
			sourceTree = "<group>";
		};
		2F122F0F1310554B001F9DE5 /* Views */ = {
			isa = PBXGroup;
			children = (
				2F122F1013105558001F9DE5 /* ActivityAlert.h */,
				2F122F1113105558001F9DE5 /* ActivityAlert.m */,
			);
			name = Views;
			sourceTree = "<group>";
		};
		2F142D75132C49570041F5F8 /* FlurryLib */ = {
			isa = PBXGroup;
			children = (
				2F142D76132C49570041F5F8 /* AppCircle */,
				2F142D7A132C49570041F5F8 /* FlurryAPI.h */,
				2F142D7B132C49570041F5F8 /* libFlurry.a */,
			);
			path = FlurryLib;
			sourceTree = "<group>";
		};
		2F142D76132C49570041F5F8 /* AppCircle */ = {
			isa = PBXGroup;
			children = (
				2F142D77132C49570041F5F8 /* FlurryAdDelegate.h */,
				2F142D78132C49570041F5F8 /* FlurryAPI+AppCircle.h */,
				2F142D79132C49570041F5F8 /* FlurryOffer.h */,
			);
			path = AppCircle;
			sourceTree = "<group>";
		};
		2FC5E05F132B35D100AD70CE /* Chicken */ = {
			isa = PBXGroup;
			children = (
				2FC5E064132B35F300AD70CE /* slap */,
				2FC5E063132B35EE00AD70CE /* reaction */,
				2FC5E062132B35E900AD70CE /* jab */,
				2FC5E061132B35DF00AD70CE /* bonk */,
			);
			name = Chicken;
			sourceTree = "<group>";
		};
		2FC5E061132B35DF00AD70CE /* bonk */ = {
			isa = PBXGroup;
			children = (
				2FC5E098132B362D00AD70CE /* bonk */,
			);
			name = bonk;
			sourceTree = "<group>";
		};
		2FC5E062132B35E900AD70CE /* jab */ = {
			isa = PBXGroup;
			children = (
				2FC5E095132B361F00AD70CE /* jab */,
			);
			name = jab;
			sourceTree = "<group>";
		};
		2FC5E063132B35EE00AD70CE /* reaction */ = {
			isa = PBXGroup;
			children = (
				2FC5E076132B361000AD70CE /* reaction */,
			);
			name = reaction;
			sourceTree = "<group>";
		};
		2FC5E064132B35F300AD70CE /* slap */ = {
			isa = PBXGroup;
			children = (
				2FC5E065132B360300AD70CE /* slap */,
			);
			name = slap;
			sourceTree = "<group>";
		};
		2FC5E065132B360300AD70CE /* slap */ = {
			isa = PBXGroup;
			children = (
				2FC5E066132B360300AD70CE /* s1.caf */,
				2FC5E067132B360300AD70CE /* s2.caf */,
				2FC5E068132B360300AD70CE /* s3.caf */,
				2FC5E069132B360300AD70CE /* s4.caf */,
				2FC5E06A132B360300AD70CE /* s5.caf */,
				2FC5E06B132B360300AD70CE /* s6.caf */,
				2FC5E06C132B360300AD70CE /* s7.caf */,
				2FC5E06D132B360300AD70CE /* s8.caf */,
			);
			name = slap;
			path = Sounds/Chicken/slap;
			sourceTree = "<group>";
		};
		2FC5E076132B361000AD70CE /* reaction */ = {
			isa = PBXGroup;
			children = (
				2FC5E077132B361000AD70CE /* c1.caf */,
				2FC5E078132B361000AD70CE /* c2.caf */,
				2FC5E079132B361000AD70CE /* r1.caf */,
				2FC5E07A132B361000AD70CE /* r10.caf */,
				2FC5E07B132B361000AD70CE /* r11.caf */,
				2FC5E07C132B361000AD70CE /* r12.caf */,
				2FC5E07D132B361000AD70CE /* r13.caf */,
				2FC5E07E132B361000AD70CE /* r2.caf */,
				2FC5E07F132B361000AD70CE /* r3.caf */,
				2FC5E080132B361000AD70CE /* r4.caf */,
				2FC5E081132B361000AD70CE /* r5.caf */,
				2FC5E082132B361000AD70CE /* r6.caf */,
				2FC5E083132B361000AD70CE /* r7.caf */,
				2FC5E084132B361000AD70CE /* r8.caf */,
				2FC5E085132B361000AD70CE /* r9.caf */,
			);
			name = reaction;
			path = Sounds/Chicken/reaction;
			sourceTree = "<group>";
		};
		2FC5E095132B361F00AD70CE /* jab */ = {
			isa = PBXGroup;
			children = (
				2FC5E096132B361F00AD70CE /* j1.caf */,
			);
			name = jab;
			path = Sounds/Chicken/jab;
			sourceTree = "<group>";
		};
		2FC5E098132B362D00AD70CE /* bonk */ = {
			isa = PBXGroup;
			children = (
				2FC5E099132B362D00AD70CE /* b1.caf */,
				2FC5E09A132B362D00AD70CE /* b2.caf */,
				2FC5E09B132B362D00AD70CE /* b3.caf */,
			);
			name = bonk;
			path = Sounds/Chicken/bonk;
			sourceTree = "<group>";
		};
		2FC7C6B2130CF2D900F7C3DB /* FBConnect */ = {
			isa = PBXGroup;
			children = (
				2FC7C6B3130CF2D900F7C3DB /* Facebook.h */,
				2FC7C6B4130CF2D900F7C3DB /* Facebook.m */,
				2FC7C6B5130CF2D900F7C3DB /* FBConnect.h */,
				2FC7C6B6130CF2D900F7C3DB /* FBDialog.bundle */,
				2FC7C6B7130CF2D900F7C3DB /* FBDialog.h */,
				2FC7C6B8130CF2D900F7C3DB /* FBDialog.m */,
				2FC7C6B9130CF2D900F7C3DB /* FBLoginDialog.h */,
				2FC7C6BA130CF2D900F7C3DB /* FBLoginDialog.m */,
				2FC7C6BB130CF2D900F7C3DB /* FBRequest.h */,
				2FC7C6BC130CF2D900F7C3DB /* FBRequest.m */,
				2FC7C6BD130CF2D900F7C3DB /* JSON */,
			);
			path = FBConnect;
			sourceTree = "<group>";
		};
		2FC7C6BD130CF2D900F7C3DB /* JSON */ = {
			isa = PBXGroup;
			children = (
				2FC7C6BE130CF2D900F7C3DB /* JSON.h */,
				2FC7C6BF130CF2D900F7C3DB /* NSObject+SBJSON.h */,
				2FC7C6C0130CF2D900F7C3DB /* NSObject+SBJSON.m */,
				2FC7C6C1130CF2D900F7C3DB /* NSString+SBJSON.h */,
				2FC7C6C2130CF2D900F7C3DB /* NSString+SBJSON.m */,
				2FC7C6C3130CF2D900F7C3DB /* SBJSON.h */,
				2FC7C6C4130CF2D900F7C3DB /* SBJSON.m */,
				2FC7C6C5130CF2D900F7C3DB /* SBJsonBase.h */,
				2FC7C6C6130CF2D900F7C3DB /* SBJsonBase.m */,
				2FC7C6C7130CF2D900F7C3DB /* SBJsonParser.h */,
				2FC7C6C8130CF2D900F7C3DB /* SBJsonParser.m */,
				2FC7C6C9130CF2D900F7C3DB /* SBJsonWriter.h */,
				2FC7C6CA130CF2D900F7C3DB /* SBJsonWriter.m */,
			);
			path = JSON;
			sourceTree = "<group>";
		};
		2FD5ED7913088E4A007AC351 /* AsiHTTP */ = {
			isa = PBXGroup;
			children = (
				2FD5EE4E13089617007AC351 /* ASIAuthenticationDialog.h */,
				2FD5EE4F13089617007AC351 /* ASIAuthenticationDialog.m */,
				2FD5EE5013089617007AC351 /* ASICacheDelegate.h */,
				2FD5EE5113089617007AC351 /* ASIDataCompressor.h */,
				2FD5EE5213089617007AC351 /* ASIDataCompressor.m */,
				2FD5EE5313089617007AC351 /* ASIDataDecompressor.h */,
				2FD5EE5413089617007AC351 /* ASIDataDecompressor.m */,
				2FD5EE5513089617007AC351 /* ASIDownloadCache.h */,
				2FD5EE5613089617007AC351 /* ASIDownloadCache.m */,
				2FD5EE5713089617007AC351 /* ASIFormDataRequest.h */,
				2FD5EE5813089617007AC351 /* ASIFormDataRequest.m */,
				2FD5EE5913089617007AC351 /* ASIHTTPRequest.h */,
				2FD5EE5A13089617007AC351 /* ASIHTTPRequest.m */,
				2FD5EE5B13089617007AC351 /* ASIHTTPRequestConfig.h */,
				2FD5EE5C13089617007AC351 /* ASIHTTPRequestDelegate.h */,
				2FD5EE5D13089617007AC351 /* ASIInputStream.h */,
				2FD5EE5E13089617007AC351 /* ASIInputStream.m */,
				2FD5EE5F13089617007AC351 /* ASINetworkQueue.h */,
				2FD5EE6013089617007AC351 /* ASINetworkQueue.m */,
				2FD5EE6113089617007AC351 /* ASIProgressDelegate.h */,
				2FD5EE39130894D3007AC351 /* External */,
			);
			path = AsiHTTP;
			sourceTree = "<group>";
		};
		2FD5EE39130894D3007AC351 /* External */ = {
			isa = PBXGroup;
			children = (
				2FD5EE3C130894D3007AC351 /* Reachability */,
			);
			path = External;
			sourceTree = "<group>";
		};
		2FD5EE3C130894D3007AC351 /* Reachability */ = {
			isa = PBXGroup;
			children = (
				2FD5EE3D130894D3007AC351 /* Reachability.h */,
				2FD5EE3E130894D3007AC351 /* Reachability.m */,
			);
			path = Reachability;
			sourceTree = "<group>";
		};
		C71E4A321263819F00670FFC /* Images */ = {
			isa = PBXGroup;
			children = (
				C71E4A5F12638D6600670FFC /* Application */,
				C71E4A33126381A600670FFC /* Weapons */,
			);
			name = Images;
			sourceTree = "<group>";
		};
		C71E4A33126381A600670FFC /* Weapons */ = {
			isa = PBXGroup;
			children = (
				2FC7C67D130CF27F00F7C3DB /* crosshairs-old.png */,
				2FC7C67E130CF27F00F7C3DB /* crosshairs.png */,
				2FC7C67F130CF27F00F7C3DB /* crosshairs@2x.png */,
				C748E3811283CF4A001658E2 /* RubberChicken */,
			);
			name = Weapons;
			sourceTree = "<group>";
		};
		C71E4A371263828000670FFC /* ViewControllers */ = {
			isa = PBXGroup;
			children = (
				C7E4E92413198152009045D8 /* PickAFriendTableViewController.h */,
				C7E4E92513198152009045D8 /* PickAFriendTableViewController.m */,
				2F79B0BC13197E9C00541ACC /* PickAFriendTableViewController.xib */,
				2F97D5451311951C00F77318 /* AttackCompletedViewController.m */,
				C748E4091283DEA5001658E2 /* AttackCompletedViewController.h */,
				C748E40B1283DEA5001658E2 /* AttackCompletedViewController.xib */,
				C748E3141283CC32001658E2 /* AttackViewController.h */,
				C748E3151283CC32001658E2 /* AttackViewController.m */,
				C748E3161283CC32001658E2 /* AttackViewController.xib */,
				C76E6EF41266C94300B48793 /* AssassinateHUDViewController.h */,
				C76E6EF51266C94300B48793 /* AssassinateHUDViewController.m */,
				C76E6EF61266C94300B48793 /* AssassinateHUDViewController.xib */,
				2FDA20141311C32D00A78EE8 /* ObituaryViewController.h */,
				2FDA20151311C32D00A78EE8 /* ObituaryViewController.m */,
				2FDA20161311C32D00A78EE8 /* ObituaryViewController.xib */,
			);
			name = ViewControllers;
			sourceTree = "<group>";
		};
		C71E4A5F12638D6600670FFC /* Application */ = {
			isa = PBXGroup;
			children = (
				2FC7C659130CF26900F7C3DB /* buttonCancelUP@2x.png */,
				2FC7C65A130CF26900F7C3DB /* buttonCanelUP.png */,
				2FC7C65B130CF26900F7C3DB /* buttonPhoneUP.png */,
				2FC7C65C130CF26900F7C3DB /* buttonPhoneUP@2x.png */,
				2FC7C65D130CF26900F7C3DB /* buttonPostUP.png */,
				2FC7C65E130CF26900F7C3DB /* buttonPostUP@2x.png */,
				2FC7C65F130CF26900F7C3DB /* buttonSaveiPhoneUp.png */,
				2FC7C660130CF26900F7C3DB /* buttonSaveiPhoneUp@2x.png */,
				2FC7C661130CF26900F7C3DB /* Default.png */,
				2FC7C662130CF26900F7C3DB /* Default@2x.png */,
				2FC7C663130CF26900F7C3DB /* EmailButtonUP.png */,
				2FC7C664130CF26900F7C3DB /* emailButtonUP@2x.png */,
				2FC7C665130CF26900F7C3DB /* FacebookButtonUP.png */,
				2FC7C666130CF26900F7C3DB /* FacebookButtonUP@2x.png */,
				2FC7C667130CF26900F7C3DB /* friendPick.png */,
				2FC7C668130CF26900F7C3DB /* friendPick@2x.png */,
				2FC7C669130CF26900F7C3DB /* Icon.png */,
			);
			name = Application;
			sourceTree = "<group>";
		};
		C71E4B951263AF4100670FFC /* Models */ = {
			isa = PBXGroup;
			children = (
				C748E3191283CC41001658E2 /* ShakeEventSource.h */,
				C748E31A1283CC41001658E2 /* ShakeEventSource.m */,
				C748E31B1283CC41001658E2 /* SoundClipPool.h */,
				C748E31C1283CC41001658E2 /* SoundClipPool.m */,
				2FCE3D81130E460200C157B4 /* AssassinsServer.h */,
				2FCE3D82130E460200C157B4 /* AssassinsServer.m */,
				2F79AF3B1318CDCB00541ACC /* AttackInfo.h */,
				2F79AF3C1318CDCB00541ACC /* AttackInfo.m */,
				2FC5E0C6132B436700AD70CE /* Friend.h */,
				2FC5E0C7132B436700AD70CE /* Friend.m */,
			);
			name = Models;
			sourceTree = "<group>";
		};
		C71E4BF91263BEB600670FFC /* Helpers */ = {
			isa = PBXGroup;
			children = (
				2F0D8A481335250300535797 /* NSUserDefaults+MPSecureUserDefaults.h */,
				2F0D8A491335250300535797 /* NSUserDefaults+MPSecureUserDefaults.m */,
				2F8713F9127B4C03009D4C0C /* UIImage+Combine.h */,
				2F8713FA127B4C03009D4C0C /* UIImage+Combine.m */,
				2FCE3D49130E3D4300C157B4 /* Facebook+CacheAuth.h */,
				2FCE3D4A130E3D4300C157B4 /* Facebook+CacheAuth.m */,
			);
			name = Helpers;
			sourceTree = "<group>";
		};
		C748E3201283CC48001658E2 /* Sounds */ = {
			isa = PBXGroup;
			children = (
				2FC5E05F132B35D100AD70CE /* Chicken */,
			);
			name = Sounds;
			sourceTree = "<group>";
		};
		C748E3811283CF4A001658E2 /* RubberChicken */ = {
			isa = PBXGroup;
			children = (
				2FC7C683130CF29B00F7C3DB /* RubberChicken.png */,
				2FC7C684130CF29B00F7C3DB /* RubberChicken@2X.png */,
				2FC7C685130CF29B00F7C3DB /* RubberChickenKillOverlay.png */,
				2FC7C686130CF29B00F7C3DB /* RubberChickenKillOverlay@2x.png */,
			);
			name = RubberChicken;
			sourceTree = "<group>";
		};
/* End PBXGroup section */

/* Begin PBXNativeTarget section */
		1D6058900D05DD3D006BFB54 /* Assassins */ = {
			isa = PBXNativeTarget;
			buildConfigurationList = 1D6058960D05DD3E006BFB54 /* Build configuration list for PBXNativeTarget "Assassins" */;
			buildPhases = (
				1D60588D0D05DD3D006BFB54 /* Resources */,
				1D60588E0D05DD3D006BFB54 /* Sources */,
				1D60588F0D05DD3D006BFB54 /* Frameworks */,
			);
			buildRules = (
			);
			dependencies = (
			);
			name = Assassins;
			productName = Assassins;
			productReference = 1D6058910D05DD3D006BFB54 /* Assassins.app */;
			productType = "com.apple.product-type.application";
		};
/* End PBXNativeTarget section */

/* Begin PBXProject section */
		29B97313FDCFA39411CA2CEA /* Project object */ = {
			isa = PBXProject;
			buildConfigurationList = C01FCF4E08A954540054247B /* Build configuration list for PBXProject "Assassins" */;
			compatibilityVersion = "Xcode 3.1";
			developmentRegion = English;
			hasScannedForEncodings = 1;
			knownRegions = (
				English,
				Japanese,
				French,
				German,
			);
			mainGroup = 29B97314FDCFA39411CA2CEA /* CustomTemplate */;
			projectDirPath = "";
			projectRoot = "";
			targets = (
				1D6058900D05DD3D006BFB54 /* Assassins */,
			);
		};
/* End PBXProject section */

/* Begin PBXResourcesBuildPhase section */
		1D60588D0D05DD3D006BFB54 /* Resources */ = {
			isa = PBXResourcesBuildPhase;
			buildActionMask = 2147483647;
			files = (
				28AD733F0D9D9553002E5188 /* MainWindow.xib in Resources */,
				C76E6EF81266C94300B48793 /* AssassinateHUDViewController.xib in Resources */,
				C748E3181283CC32001658E2 /* AttackViewController.xib in Resources */,
				C748E40D1283DEA5001658E2 /* AttackCompletedViewController.xib in Resources */,
				2FC7C66C130CF26900F7C3DB /* buttonCancelUP@2x.png in Resources */,
				2FC7C66D130CF26900F7C3DB /* buttonCanelUP.png in Resources */,
				2FC7C66E130CF26900F7C3DB /* buttonPhoneUP.png in Resources */,
				2FC7C66F130CF26900F7C3DB /* buttonPhoneUP@2x.png in Resources */,
				2FC7C670130CF26900F7C3DB /* buttonPostUP.png in Resources */,
				2FC7C671130CF26900F7C3DB /* buttonPostUP@2x.png in Resources */,
				2FC7C672130CF26900F7C3DB /* buttonSaveiPhoneUp.png in Resources */,
				2FC7C673130CF26900F7C3DB /* buttonSaveiPhoneUp@2x.png in Resources */,
				2FC7C674130CF26900F7C3DB /* Default.png in Resources */,
				2FC7C675130CF26900F7C3DB /* Default@2x.png in Resources */,
				2FC7C676130CF26900F7C3DB /* EmailButtonUP.png in Resources */,
				2FC7C677130CF26900F7C3DB /* emailButtonUP@2x.png in Resources */,
				2FC7C678130CF26900F7C3DB /* FacebookButtonUP.png in Resources */,
				2FC7C679130CF26900F7C3DB /* FacebookButtonUP@2x.png in Resources */,
				2FC7C67A130CF26900F7C3DB /* friendPick.png in Resources */,
				2FC7C67B130CF26900F7C3DB /* friendPick@2x.png in Resources */,
				2FC7C67C130CF26900F7C3DB /* Icon.png in Resources */,
				2FC7C680130CF27F00F7C3DB /* crosshairs-old.png in Resources */,
				2FC7C681130CF27F00F7C3DB /* crosshairs.png in Resources */,
				2FC7C682130CF27F00F7C3DB /* crosshairs@2x.png in Resources */,
				2FC7C687130CF29B00F7C3DB /* RubberChicken.png in Resources */,
				2FC7C688130CF29B00F7C3DB /* RubberChicken@2X.png in Resources */,
				2FC7C689130CF29B00F7C3DB /* RubberChickenKillOverlay.png in Resources */,
				2FC7C68A130CF29B00F7C3DB /* RubberChickenKillOverlay@2x.png in Resources */,
				2FC7C6CC130CF2D900F7C3DB /* FBDialog.bundle in Resources */,
				2FDA20181311C32D00A78EE8 /* ObituaryViewController.xib in Resources */,
				2F79B0BD13197E9C00541ACC /* PickAFriendTableViewController.xib in Resources */,
				2FC5E06E132B360300AD70CE /* s1.caf in Resources */,
				2FC5E06F132B360300AD70CE /* s2.caf in Resources */,
				2FC5E070132B360300AD70CE /* s3.caf in Resources */,
				2FC5E071132B360300AD70CE /* s4.caf in Resources */,
				2FC5E072132B360300AD70CE /* s5.caf in Resources */,
				2FC5E073132B360300AD70CE /* s6.caf in Resources */,
				2FC5E074132B360300AD70CE /* s7.caf in Resources */,
				2FC5E075132B360300AD70CE /* s8.caf in Resources */,
				2FC5E086132B361000AD70CE /* c1.caf in Resources */,
				2FC5E087132B361000AD70CE /* c2.caf in Resources */,
				2FC5E088132B361000AD70CE /* r1.caf in Resources */,
				2FC5E089132B361000AD70CE /* r10.caf in Resources */,
				2FC5E08A132B361000AD70CE /* r11.caf in Resources */,
				2FC5E08B132B361000AD70CE /* r12.caf in Resources */,
				2FC5E08C132B361000AD70CE /* r13.caf in Resources */,
				2FC5E08D132B361000AD70CE /* r2.caf in Resources */,
				2FC5E08E132B361000AD70CE /* r3.caf in Resources */,
				2FC5E08F132B361000AD70CE /* r4.caf in Resources */,
				2FC5E090132B361000AD70CE /* r5.caf in Resources */,
				2FC5E091132B361000AD70CE /* r6.caf in Resources */,
				2FC5E092132B361000AD70CE /* r7.caf in Resources */,
				2FC5E093132B361000AD70CE /* r8.caf in Resources */,
				2FC5E094132B361000AD70CE /* r9.caf in Resources */,
				2FC5E097132B361F00AD70CE /* j1.caf in Resources */,
				2FC5E09C132B362D00AD70CE /* b1.caf in Resources */,
				2FC5E09D132B362D00AD70CE /* b2.caf in Resources */,
				2FC5E09E132B362D00AD70CE /* b3.caf in Resources */,
			);
			runOnlyForDeploymentPostprocessing = 0;
		};
/* End PBXResourcesBuildPhase section */

/* Begin PBXSourcesBuildPhase section */
		1D60588E0D05DD3D006BFB54 /* Sources */ = {
			isa = PBXSourcesBuildPhase;
			buildActionMask = 2147483647;
			files = (
				1D60589B0D05DD56006BFB54 /* main.m in Sources */,
				1D3623260D0F684500981E51 /* AssassinsAppDelegate.m in Sources */,
				C76E6EF71266C94300B48793 /* AssassinateHUDViewController.m in Sources */,
				2F8713FB127B4C03009D4C0C /* UIImage+Combine.m in Sources */,
				C748E3171283CC32001658E2 /* AttackViewController.m in Sources */,
				C748E31D1283CC41001658E2 /* ShakeEventSource.m in Sources */,
				C748E31E1283CC41001658E2 /* SoundClipPool.m in Sources */,
				2FD5EE40130894D3007AC351 /* Reachability.m in Sources */,
				2FD5EE6213089617007AC351 /* ASIAuthenticationDialog.m in Sources */,
				2FD5EE6313089617007AC351 /* ASIDataCompressor.m in Sources */,
				2FD5EE6413089617007AC351 /* ASIDataDecompressor.m in Sources */,
				2FD5EE6513089617007AC351 /* ASIDownloadCache.m in Sources */,
				2FD5EE6613089617007AC351 /* ASIFormDataRequest.m in Sources */,
				2FD5EE6713089617007AC351 /* ASIHTTPRequest.m in Sources */,
				2FD5EE6813089617007AC351 /* ASIInputStream.m in Sources */,
				2FD5EE6913089617007AC351 /* ASINetworkQueue.m in Sources */,
				2FC7C6CB130CF2D900F7C3DB /* Facebook.m in Sources */,
				2FC7C6CD130CF2D900F7C3DB /* FBDialog.m in Sources */,
				2FC7C6CE130CF2D900F7C3DB /* FBLoginDialog.m in Sources */,
				2FC7C6CF130CF2D900F7C3DB /* FBRequest.m in Sources */,
				2FC7C6D0130CF2D900F7C3DB /* NSObject+SBJSON.m in Sources */,
				2FC7C6D1130CF2D900F7C3DB /* NSString+SBJSON.m in Sources */,
				2FC7C6D2130CF2D900F7C3DB /* SBJSON.m in Sources */,
				2FC7C6D3130CF2D900F7C3DB /* SBJsonBase.m in Sources */,
				2FC7C6D4130CF2D900F7C3DB /* SBJsonParser.m in Sources */,
				2FC7C6D5130CF2D900F7C3DB /* SBJsonWriter.m in Sources */,
				2FCE3D4B130E3D4300C157B4 /* Facebook+CacheAuth.m in Sources */,
				2FCE3D83130E460200C157B4 /* AssassinsServer.m in Sources */,
				2F122F1213105558001F9DE5 /* ActivityAlert.m in Sources */,
				2F97D5461311951C00F77318 /* AttackCompletedViewController.m in Sources */,
				2FDA20171311C32D00A78EE8 /* ObituaryViewController.m in Sources */,
				2F79AF3D1318CDCB00541ACC /* AttackInfo.m in Sources */,
				C7E4E92613198152009045D8 /* PickAFriendTableViewController.m in Sources */,
				2FC5E0C8132B436700AD70CE /* Friend.m in Sources */,
				2F0D8A4A1335250300535797 /* NSUserDefaults+MPSecureUserDefaults.m in Sources */,
			);
			runOnlyForDeploymentPostprocessing = 0;
		};
/* End PBXSourcesBuildPhase section */

/* Begin XCBuildConfiguration section */
		1D6058940D05DD3E006BFB54 /* Debug */ = {
			isa = XCBuildConfiguration;
			buildSettings = {
				ALWAYS_SEARCH_USER_PATHS = NO;
				CODE_SIGN_IDENTITY = "iPhone Developer: David Quail (87P66PSJZU)";
				"CODE_SIGN_IDENTITY[sdk=iphoneos*]" = "iPhone Developer: David Quail (87P66PSJZU)";
				COPY_PHASE_STRIP = NO;
				GCC_DYNAMIC_NO_PIC = NO;
				GCC_OPTIMIZATION_LEVEL = 0;
				GCC_PRECOMPILE_PREFIX_HEADER = YES;
				GCC_PREFIX_HEADER = Assassins_Prefix.pch;
				INFOPLIST_FILE = "Assassins-Info.plist";
				LIBRARY_SEARCH_PATHS = (
					"$(inherited)",
					"\"$(SRCROOT)/FlurryLib\"",
				);
				PRODUCT_NAME = Assassins;
				PROVISIONING_PROFILE = "7451CA7D-A63F-4FCE-9388-E2AB6E7B2C6E";
				"PROVISIONING_PROFILE[sdk=iphoneos*]" = "7451CA7D-A63F-4FCE-9388-E2AB6E7B2C6E";
				SDKROOT = iphoneos4.3;
			};
			name = Debug;
		};
		1D6058950D05DD3E006BFB54 /* Release */ = {
			isa = XCBuildConfiguration;
			buildSettings = {
				ALWAYS_SEARCH_USER_PATHS = NO;
				CODE_SIGN_IDENTITY = "iPhone Developer";
				"CODE_SIGN_IDENTITY[sdk=iphoneos*]" = "iPhone Developer";
				COPY_PHASE_STRIP = YES;
				GCC_PRECOMPILE_PREFIX_HEADER = YES;
				GCC_PREFIX_HEADER = Assassins_Prefix.pch;
				INFOPLIST_FILE = "Assassins-Info.plist";
				LIBRARY_SEARCH_PATHS = (
					"$(inherited)",
					"\"$(SRCROOT)/FlurryLib\"",
				);
				PRODUCT_NAME = Assassins;
				PROVISIONING_PROFILE = "";
				"PROVISIONING_PROFILE[sdk=iphoneos*]" = "";
				SDKROOT = iphoneos4.3;
				VALIDATE_PRODUCT = NO;
			};
			name = Release;
		};
		2F79B0691318F9F100541ACC /* Ad Hoc */ = {
			isa = XCBuildConfiguration;
			buildSettings = {
				ARCHS = "$(ARCHS_STANDARD_32_BIT)";
				"CODE_SIGN_IDENTITY[sdk=iphoneos*]" = "iPhone Developer: David Quail (87P66PSJZU)";
				GCC_C_LANGUAGE_STANDARD = c99;
				GCC_WARN_ABOUT_RETURN_TYPE = YES;
				GCC_WARN_UNUSED_VARIABLE = YES;
				OTHER_CFLAGS = "-DNS_BLOCK_ASSERTIONS=1";
				PREBINDING = NO;
				"PROVISIONING_PROFILE[sdk=iphoneos*]" = "0043ACD2-7220-4C8F-A27E-9573FC7AA21D";
				SDKROOT = iphoneos;
			};
			name = "Ad Hoc";
		};
		2F79B06A1318F9F100541ACC /* Ad Hoc */ = {
			isa = XCBuildConfiguration;
			buildSettings = {
				ALWAYS_SEARCH_USER_PATHS = NO;
				CODE_SIGN_IDENTITY = "iPhone Distribution: David Quail";
				"CODE_SIGN_IDENTITY[sdk=iphoneos*]" = "iPhone Distribution: David Quail";
				COPY_PHASE_STRIP = YES;
				GCC_PRECOMPILE_PREFIX_HEADER = YES;
				GCC_PREFIX_HEADER = Assassins_Prefix.pch;
				INFOPLIST_FILE = "Assassins-Info.plist";
				LIBRARY_SEARCH_PATHS = (
					"$(inherited)",
					"\"$(SRCROOT)/FlurryLib\"",
				);
				PRODUCT_NAME = Assassins;
				PROVISIONING_PROFILE = "A10F74FB-BD5B-497D-BA93-4B3920D1C146";
				"PROVISIONING_PROFILE[sdk=iphoneos*]" = "A10F74FB-BD5B-497D-BA93-4B3920D1C146";
				SDKROOT = iphoneos4.3;
				VALIDATE_PRODUCT = YES;
			};
			name = "Ad Hoc";
		};
		2FC08C6713351F7500A5858A /* Distribution */ = {
			isa = XCBuildConfiguration;
			buildSettings = {
				ARCHS = "$(ARCHS_STANDARD_32_BIT)";
				"CODE_SIGN_IDENTITY[sdk=iphoneos*]" = "iPhone Developer";
				GCC_C_LANGUAGE_STANDARD = c99;
				GCC_WARN_ABOUT_RETURN_TYPE = YES;
				GCC_WARN_UNUSED_VARIABLE = YES;
				OTHER_CFLAGS = "-DNS_BLOCK_ASSERTIONS=1";
				PREBINDING = NO;
				SDKROOT = iphoneos;
			};
			name = Distribution;
		};
		2FC08C6813351F7500A5858A /* Distribution */ = {
			isa = XCBuildConfiguration;
			buildSettings = {
				ALWAYS_SEARCH_USER_PATHS = NO;
				CODE_SIGN_IDENTITY = "iPhone Distribution: David Quail";
				"CODE_SIGN_IDENTITY[sdk=iphoneos*]" = "iPhone Distribution: David Quail";
				COPY_PHASE_STRIP = YES;
				GCC_PRECOMPILE_PREFIX_HEADER = YES;
				GCC_PREFIX_HEADER = Assassins_Prefix.pch;
				INFOPLIST_FILE = "Assassins-Info.plist";
				LIBRARY_SEARCH_PATHS = (
					"$(inherited)",
					"\"$(SRCROOT)/FlurryLib\"",
				);
				PRODUCT_NAME = Assassins;
				PROVISIONING_PROFILE = "A10F74FB-BD5B-497D-BA93-4B3920D1C146";
				"PROVISIONING_PROFILE[sdk=iphoneos*]" = "A10F74FB-BD5B-497D-BA93-4B3920D1C146";
				SDKROOT = iphoneos4.3;
				VALIDATE_PRODUCT = YES;
			};
			name = Distribution;
		};
		C01FCF4F08A954540054247B /* Debug */ = {
			isa = XCBuildConfiguration;
			buildSettings = {
				ARCHS = "$(ARCHS_STANDARD_32_BIT)";
				CODE_SIGN_IDENTITY = "iPhone Developer: David Quail (87P66PSJZU)";
				"CODE_SIGN_IDENTITY[sdk=iphoneos*]" = "iPhone Developer: David Quail (87P66PSJZU)";
				GCC_C_LANGUAGE_STANDARD = c99;
				GCC_WARN_ABOUT_RETURN_TYPE = YES;
				GCC_WARN_UNUSED_VARIABLE = YES;
				PREBINDING = NO;
				PROVISIONING_PROFILE = "0043ACD2-7220-4C8F-A27E-9573FC7AA21D";
				"PROVISIONING_PROFILE[sdk=iphoneos*]" = "0043ACD2-7220-4C8F-A27E-9573FC7AA21D";
				SDKROOT = iphoneos;
			};
			name = Debug;
		};
		C01FCF5008A954540054247B /* Release */ = {
			isa = XCBuildConfiguration;
			buildSettings = {
				ARCHS = "$(ARCHS_STANDARD_32_BIT)";
				"CODE_SIGN_IDENTITY[sdk=iphoneos*]" = "iPhone Developer";
				GCC_C_LANGUAGE_STANDARD = c99;
				GCC_WARN_ABOUT_RETURN_TYPE = YES;
				GCC_WARN_UNUSED_VARIABLE = YES;
				OTHER_CFLAGS = "-DNS_BLOCK_ASSERTIONS=1";
				PREBINDING = NO;
				SDKROOT = iphoneos;
			};
			name = Release;
		};
/* End XCBuildConfiguration section */

/* Begin XCConfigurationList section */
		1D6058960D05DD3E006BFB54 /* Build configuration list for PBXNativeTarget "Assassins" */ = {
			isa = XCConfigurationList;
			buildConfigurations = (
				1D6058940D05DD3E006BFB54 /* Debug */,
				1D6058950D05DD3E006BFB54 /* Release */,
				2F79B06A1318F9F100541ACC /* Ad Hoc */,
				2FC08C6813351F7500A5858A /* Distribution */,
			);
			defaultConfigurationIsVisible = 0;
			defaultConfigurationName = Release;
		};
		C01FCF4E08A954540054247B /* Build configuration list for PBXProject "Assassins" */ = {
			isa = XCConfigurationList;
			buildConfigurations = (
				C01FCF4F08A954540054247B /* Debug */,
				C01FCF5008A954540054247B /* Release */,
				2F79B0691318F9F100541ACC /* Ad Hoc */,
				2FC08C6713351F7500A5858A /* Distribution */,
			);
			defaultConfigurationIsVisible = 0;
			defaultConfigurationName = Release;
		};
/* End XCConfigurationList section */
	};
	rootObject = 29B97313FDCFA39411CA2CEA /* Project object */;
}
